
Microsoft Visual Studio Solution File, Format Version 12.00
# Visual Studio 15
VisualStudioVersion = 15.0.28307.329
MinimumVisualStudioVersion = 10.0.40219.1
Project("{8BC9CEB8-8B4A-11D0-8D11-00A0C91BC942}") = "LibImgIO", "LibImgIO\LibImgIO.vcxproj", "{A1BD2A92-C7D5-47CE-9AF4-787FC31A3507}"
EndProject
Project("{8BC9CEB8-8B4A-11D0-8D11-00A0C91BC942}") = "LibImgProc", "LibImgProc\LibImgProc.vcxproj", "{C6B8BFE8-14A7-4C50-B4E8-EF68C1F77A6A}"
EndProject
Project("{8BC9CEB8-8B4A-11D0-8D11-00A0C91BC942}") = "DefectRecognitionSystem", "DefectRecognitionSystem\DefectRecognitionSystem.vcxproj", "{E1F52C99-60ED-3A51-BB5B-378839663549}"
EndProject
Project("{8BC9CEB8-8B4A-11D0-8D11-00A0C91BC942}") = "LibDefectRecognition", "LibDefectRecognition\LibDefectRecognition.vcxproj", "{DA1E4DE6-6551-41CA-A4BE-677A76E1FDB1}"
EndProject
Project("{8BC9CEB8-8B4A-11D0-8D11-00A0C91BC942}") = "Test", "Test\Test.vcxproj", "{3C0CC53F-1BDF-4F3F-BF7A-F345D6D18606}"
	ProjectSection(ProjectDependencies) = postProject
		{DA1E4DE6-6551-41CA-A4BE-677A76E1FDB1} = {DA1E4DE6-6551-41CA-A4BE-677A76E1FDB1}
	EndProjectSection
EndProject
Global
	GlobalSection(SolutionConfigurationPlatforms) = preSolution
		Debug|x64 = Debug|x64
		Debug|x86 = Debug|x86
		Release|x64 = Release|x64
		Release|x86 = Release|x86
	EndGlobalSection
	GlobalSection(ProjectConfigurationPlatforms) = postSolution
		{A1BD2A92-C7D5-47CE-9AF4-787FC31A3507}.Debug|x64.ActiveCfg = Debug|x64
		{A1BD2A92-C7D5-47CE-9AF4-787FC31A3507}.Debug|x64.Build.0 = Debug|x64
		{A1BD2A92-C7D5-47CE-9AF4-787FC31A3507}.Debug|x86.ActiveCfg = Debug|Win32
		{A1BD2A92-C7D5-47CE-9AF4-787FC31A3507}.Debug|x86.Build.0 = Debug|Win32
		{A1BD2A92-C7D5-47CE-9AF4-787FC31A3507}.Release|x64.ActiveCfg = Release|x64
		{A1BD2A92-C7D5-47CE-9AF4-787FC31A3507}.Release|x64.Build.0 = Release|x64
		{A1BD2A92-C7D5-47CE-9AF4-787FC31A3507}.Release|x86.ActiveCfg = Release|Win32
		{A1BD2A92-C7D5-47CE-9AF4-787FC31A3507}.Release|x86.Build.0 = Release|Win32
		{C6B8BFE8-14A7-4C50-B4E8-EF68C1F77A6A}.Debug|x64.ActiveCfg = Debug|x64
		{C6B8BFE8-14A7-4C50-B4E8-EF68C1F77A6A}.Debug|x64.Build.0 = Debug|x64
		{C6B8BFE8-14A7-4C50-B4E8-EF68C1F77A6A}.Debug|x86.ActiveCfg = Debug|Win32
		{C6B8BFE8-14A7-4C50-B4E8-EF68C1F77A6A}.Debug|x86.Build.0 = Debug|Win32
		{C6B8BFE8-14A7-4C50-B4E8-EF68C1F77A6A}.Release|x64.ActiveCfg = Release|x64
		{C6B8BFE8-14A7-4C50-B4E8-EF68C1F77A6A}.Release|x64.Build.0 = Release|x64
		{C6B8BFE8-14A7-4C50-B4E8-EF68C1F77A6A}.Release|x86.ActiveCfg = Release|Win32
		{C6B8BFE8-14A7-4C50-B4E8-EF68C1F77A6A}.Release|x86.Build.0 = Release|Win32
		{E1F52C99-60ED-3A51-BB5B-378839663549}.Debug|x64.ActiveCfg = Debug|Win32
		{E1F52C99-60ED-3A51-BB5B-378839663549}.Debug|x86.ActiveCfg = Debug|Win32
		{E1F52C99-60ED-3A51-BB5B-378839663549}.Debug|x86.Build.0 = Debug|Win32
		{E1F52C99-60ED-3A51-BB5B-378839663549}.Release|x64.ActiveCfg = Release|Win32
		{E1F52C99-60ED-3A51-BB5B-378839663549}.Release|x86.ActiveCfg = Release|Win32
		{E1F52C99-60ED-3A51-BB5B-378839663549}.Release|x86.Build.0 = Release|Win32
		{DA1E4DE6-6551-41CA-A4BE-677A76E1FDB1}.Debug|x64.ActiveCfg = Debug|x64
		{DA1E4DE6-6551-41CA-A4BE-677A76E1FDB1}.Debug|x64.Build.0 = Debug|x64
		{DA1E4DE6-6551-41CA-A4BE-677A76E1FDB1}.Debug|x86.ActiveCfg = Debug|Win32
		{DA1E4DE6-6551-41CA-A4BE-677A76E1FDB1}.Debug|x86.Build.0 = Debug|Win32
		{DA1E4DE6-6551-41CA-A4BE-677A76E1FDB1}.Release|x64.ActiveCfg = Release|x64
		{DA1E4DE6-6551-41CA-A4BE-677A76E1FDB1}.Release|x64.Build.0 = Release|x64
		{DA1E4DE6-6551-41CA-A4BE-677A76E1FDB1}.Release|x86.ActiveCfg = Release|Win32
		{DA1E4DE6-6551-41CA-A4BE-677A76E1FDB1}.Release|x86.Build.0 = Release|Win32
		{3C0CC53F-1BDF-4F3F-BF7A-F345D6D18606}.Debug|x64.ActiveCfg = Debug|x64
		{3C0CC53F-1BDF-4F3F-BF7A-F345D6D18606}.Debug|x64.Build.0 = Debug|x64
		{3C0CC53F-1BDF-4F3F-BF7A-F345D6D18606}.Debug|x86.ActiveCfg = Debug|Win32
		{3C0CC53F-1BDF-4F3F-BF7A-F345D6D18606}.Debug|x86.Build.0 = Debug|Win32
		{3C0CC53F-1BDF-4F3F-BF7A-F345D6D18606}.Release|x64.ActiveCfg = Release|x64
		{3C0CC53F-1BDF-4F3F-BF7A-F345D6D18606}.Release|x64.Build.0 = Release|x64
		{3C0CC53F-1BDF-4F3F-BF7A-F345D6D18606}.Release|x86.ActiveCfg = Release|Win32
		{3C0CC53F-1BDF-4F3F-BF7A-F345D6D18606}.Release|x86.Build.0 = Release|Win32
	EndGlobalSection
	GlobalSection(SolutionProperties) = preSolution
		HideSolutionNode = FALSE
	EndGlobalSection
	GlobalSection(ExtensibilityGlobals) = postSolution
		SolutionGuid = {AF67D829-962A-460B-A998-E1CC32AD75DC}
	EndGlobalSection
EndGlobal
