<?xml version="1.0" encoding="utf-8"?>
<Project xmlns="http://schemas.microsoft.com/developer/msbuild/2003">
  <ItemGroup>
    <Filter Include="Form Files">
      <UniqueIdentifier>{99349809-55BA-4b9d-BF79-8FDBB0286EB3}</UniqueIdentifier>
      <Extensions>ui</Extensions>
      <ParseFiles>false</ParseFiles>
    </Filter>
    <Filter Include="Form Files">
      <UniqueIdentifier>{99349809-55BA-4b9d-BF79-8FDBB0286EB3}</UniqueIdentifier>
      <Extensions>ui</Extensions>
      <ParseFiles>false</ParseFiles>
    </Filter>
    <Filter Include="Generated Files">
      <UniqueIdentifier>{71ED8ED8-ACB9-4CE9-BBE1-E00B30144E11}</UniqueIdentifier>
      <Extensions>cpp;c;cxx;moc;h;def;odl;idl;res;</Extensions>
    </Filter>
    <Filter Include="Generated Files">
      <UniqueIdentifier>{71ED8ED8-ACB9-4CE9-BBE1-E00B30144E11}</UniqueIdentifier>
      <Extensions>cpp;c;cxx;moc;h;def;odl;idl;res;</Extensions>
    </Filter>
    <Filter Include="Header Files">
      <UniqueIdentifier>{93995380-89BD-4b04-88EB-625FBE52EBFB}</UniqueIdentifier>
      <Extensions>h;hpp;hxx;hm;inl;inc;xsd</Extensions>
    </Filter>
    <Filter Include="Header Files">
      <UniqueIdentifier>{93995380-89BD-4b04-88EB-625FBE52EBFB}</UniqueIdentifier>
      <Extensions>h;hpp;hxx;hm;inl;inc;xsd</Extensions>
    </Filter>
    <Filter Include="Source Files">
      <UniqueIdentifier>{4FC737F1-C7A5-4376-A066-2A32D752A2FF}</UniqueIdentifier>
      <Extensions>cpp;c;cxx;def;odl;idl;hpj;bat;asm;asmx</Extensions>
    </Filter>
    <Filter Include="Source Files">
      <UniqueIdentifier>{4FC737F1-C7A5-4376-A066-2A32D752A2FF}</UniqueIdentifier>
      <Extensions>cpp;c;cxx;def;odl;idl;hpj;bat;asm;asmx</Extensions>
    </Filter>
    <Filter Include="Header Files\geometryItem">
      <UniqueIdentifier>{8bec15b3-7600-4389-8c30-48a9eb460030}</UniqueIdentifier>
    </Filter>
    <Filter Include="Source Files\geometryItem">
      <UniqueIdentifier>{77ecf782-407c-49b4-bc64-959928127199}</UniqueIdentifier>
    </Filter>
    <Filter Include="Resource Files">
      <UniqueIdentifier>{D9D6E242-F8AF-46E4-B9FD-80ECBC20BA3E}</UniqueIdentifier>
      <Extensions>qrc;*</Extensions>
      <ParseFiles>false</ParseFiles>
    </Filter>
  </ItemGroup>
  <ItemGroup>
    <ClCompile Include="Base\FunctionTransfer.cpp">
      <Filter>Source Files</Filter>
    </ClCompile>
    <ClCompile Include="appconfig.cpp">
      <Filter>Source Files</Filter>
    </ClCompile>
    <ClCompile Include="main.cpp">
      <Filter>Source Files</Filter>
    </ClCompile>
    <ClCompile Include="mainwindow.cpp">
      <Filter>Source Files</Filter>
    </ClCompile>
    <ClCompile Include="readdcmfile.cpp">
      <Filter>Source Files</Filter>
    </ClCompile>
    <ClCompile Include="recheckwdg.cpp">
      <Filter>Source Files</Filter>
    </ClCompile>
    <ClCompile Include="recognizewdg.cpp">
      <Filter>Source Files</Filter>
    </ClCompile>
    <ClCompile Include="geometryItem\dragitem.cpp">
      <Filter>Source Files\geometryItem</Filter>
    </ClCompile>
    <ClCompile Include="geometryItem\ellipseitem.cpp">
      <Filter>Source Files\geometryItem</Filter>
    </ClCompile>
    <ClCompile Include="geometryItem\geometryitembase.cpp">
      <Filter>Source Files\geometryItem</Filter>
    </ClCompile>
    <ClCompile Include="geometryItem\linedragitemdata.cpp">
      <Filter>Source Files\geometryItem</Filter>
    </ClCompile>
    <ClCompile Include="geometryItem\lineitem.cpp">
      <Filter>Source Files\geometryItem</Filter>
    </ClCompile>
    <ClCompile Include="geometryItem\polygonitem.cpp">
      <Filter>Source Files\geometryItem</Filter>
    </ClCompile>
    <ClCompile Include="geometryItem\rectdragitemdata.cpp">
      <Filter>Source Files\geometryItem</Filter>
    </ClCompile>
    <ClCompile Include="geometryItem\rectitem.cpp">
      <Filter>Source Files\geometryItem</Filter>
    </ClCompile>
    <ClCompile Include="geometryItem\textitem.cpp">
      <Filter>Source Files\geometryItem</Filter>
    </ClCompile>
    <ClCompile Include="logindlg.cpp">
      <Filter>Source Files</Filter>
    </ClCompile>
    <ClCompile Include="prewdg.cpp">
      <Filter>Source Files</Filter>
    </ClCompile>
  </ItemGroup>
  <ItemGroup>
    <QtMoc Include="Base\FunctionTransfer.h">
      <Filter>Header Files</Filter>
    </QtMoc>
    <ClInclude Include="appconfig.h">
      <Filter>Header Files</Filter>
    </ClInclude>
    <QtMoc Include="mainwindow.h">
      <Filter>Header Files</Filter>
    </QtMoc>
    <ClInclude Include="readdcmfile.h">
      <Filter>Header Files</Filter>
    </ClInclude>
    <QtMoc Include="recheckwdg.h">
      <Filter>Header Files</Filter>
    </QtMoc>
    <QtMoc Include="recognizewdg.h">
      <Filter>Header Files</Filter>
    </QtMoc>
    <QtMoc Include="logindlg.h">
      <Filter>Header Files</Filter>
    </QtMoc>
    <QtMoc Include="prewdg.h">
      <Filter>Header Files</Filter>
    </QtMoc>
  </ItemGroup>
  <ItemGroup>
    <CustomBuild Include="obj\Moc\moc_predefs.h.cbt">
      <Filter>Generated Files</Filter>
    </CustomBuild>
  </ItemGroup>
  <ItemGroup>
    <QtUic Include="mainwindow.ui">
      <Filter>Form Files</Filter>
    </QtUic>
    <QtUic Include="recheckwdg.ui">
      <Filter>Form Files</Filter>
    </QtUic>
    <QtUic Include="recognizewdg.ui">
      <Filter>Form Files</Filter>
    </QtUic>
    <QtUic Include="logindlg.ui">
      <Filter>Form Files</Filter>
    </QtUic>
    <QtUic Include="prewdg.ui">
      <Filter>Form Files</Filter>
    </QtUic>
  </ItemGroup>
  <ItemGroup>
    <ClInclude Include="geometryItem\rectdragitemdata.h">
      <Filter>Header Files</Filter>
    </ClInclude>
    <ClInclude Include="geometryItem\dragitem.h">
      <Filter>Header Files\geometryItem</Filter>
    </ClInclude>
    <ClInclude Include="geometryItem\ellipseitem.h">
      <Filter>Header Files\geometryItem</Filter>
    </ClInclude>
    <ClInclude Include="geometryItem\geometryitembase.h">
      <Filter>Header Files\geometryItem</Filter>
    </ClInclude>
    <ClInclude Include="geometryItem\linedragitemdata.h">
      <Filter>Header Files\geometryItem</Filter>
    </ClInclude>
    <ClInclude Include="geometryItem\lineitem.h">
      <Filter>Header Files\geometryItem</Filter>
    </ClInclude>
    <ClInclude Include="geometryItem\polygonitem.h">
      <Filter>Header Files\geometryItem</Filter>
    </ClInclude>
    <ClInclude Include="geometryItem\rectitem.h">
      <Filter>Header Files\geometryItem</Filter>
    </ClInclude>
    <ClInclude Include="geometryItem\textitem.h">
      <Filter>Header Files\geometryItem</Filter>
    </ClInclude>
  </ItemGroup>
  <ItemGroup>
    <QtRcc Include="imgs.qrc">
      <Filter>Resource Files</Filter>
    </QtRcc>
    <QtRcc Include="qss.qrc">
      <Filter>Resource Files</Filter>
    </QtRcc>
  </ItemGroup>
</Project>